
Microsoft Visual Studio Solution File, Format Version 12.00
# Visual Studio Version 16
VisualStudioVersion = 16.0.29806.167
MinimumVisualStudioVersion = 10.0.40219.1
Project("{8BC9CEB8-8B4A-11D0-8D11-00A0C91BC942}") = "Project1", "Project1.vcxproj", "{9AC07BA6-0DFC-499F-AF5A-05B379C18DFD}"
EndProject
Global
	GlobalSection(SolutionConfigurationPlatforms) = preSolution
		Debug|x64 = Debug|x64
		Debug|x86 = Debug|x86
		Release|x64 = Release|x64
		Release|x86 = Release|x86
	EndGlobalSection
	GlobalSection(ProjectConfigurationPlatforms) = postSolution
		{9AC07BA6-0DFC-499F-AF5A-05B379C18DFD}.Debug|x64.ActiveCfg = Debug|x64
		{9AC07BA6-0DFC-499F-AF5A-05B379C18DFD}.Debug|x64.Build.0 = Debug|x64
		{9AC07BA6-0DFC-499F-AF5A-05B379C18DFD}.Debug|x86.ActiveCfg = Debug|Win32
		{9AC07BA6-0DFC-499F-AF5A-05B379C18DFD}.Debug|x86.Build.0 = Debug|Win32
		{9AC07BA6-0DFC-499F-AF5A-05B379C18DFD}.Release|x64.ActiveCfg = Release|x64
		{9AC07BA6-0DFC-499F-AF5A-05B379C18DFD}.Release|x64.Build.0 = Release|x64
		{9AC07BA6-0DFC-499F-AF5A-05B379C18DFD}.Release|x86.ActiveCfg = Release|Win32
		{9AC07BA6-0DFC-499F-AF5A-05B379C18DFD}.Release|x86.Build.0 = Release|Win32
	EndGlobalSection
	GlobalSection(SolutionProperties) = preSolution
		HideSolutionNode = FALSE
	EndGlobalSection
	GlobalSection(ExtensibilityGlobals) = postSolution
		SolutionGuid = {781EF0BB-5E36-48C0-AE96-65548F5C777F}
	EndGlobalSection
EndGlobal
